
Microsoft Visual Studio Solution File, Format Version 12.00
# Visual Studio Version 16
VisualStudioVersion = 16.0.31321.278
MinimumVisualStudioVersion = 10.0.40219.1
Project("{FAE04EC0-301F-11D3-BF4B-00C04F79EFBC}") = "GeradorCartoesAPI", "GeradorCartoesAPI\GeradorCartoesAPI.csproj", "{FFFBEE04-DB03-409F-9494-78142333688C}"
EndProject
Global
	GlobalSection(SolutionConfigurationPlatforms) = preSolution
		Debug|Any CPU = Debug|Any CPU
		Release|Any CPU = Release|Any CPU
	EndGlobalSection
	GlobalSection(ProjectConfigurationPlatforms) = postSolution
		{FFFBEE04-DB03-409F-9494-78142333688C}.Debug|Any CPU.ActiveCfg = Debug|Any CPU
		{FFFBEE04-DB03-409F-9494-78142333688C}.Debug|Any CPU.Build.0 = Debug|Any CPU
		{FFFBEE04-DB03-409F-9494-78142333688C}.Release|Any CPU.ActiveCfg = Release|Any CPU
		{FFFBEE04-DB03-409F-9494-78142333688C}.Release|Any CPU.Build.0 = Release|Any CPU
	EndGlobalSection
	GlobalSection(SolutionProperties) = preSolution
		HideSolutionNode = FALSE
	EndGlobalSection
	GlobalSection(ExtensibilityGlobals) = postSolution
		SolutionGuid = {AC801FEF-A633-4F98-B209-ACE3E0204841}
	EndGlobalSection
EndGlobal
